# THIS IS AN AUTOGENERATED FILE. DO NOT EDIT THIS FILE DIRECTLY.
# yarn lockfile v1


"@types/jquery@^3.5.16", "@types/jquery@^3.5.5":
  version "3.5.16"
  resolved "https://registry.yarnpkg.com/@types/jquery/-/jquery-3.5.16.tgz#632131baf30951915b0317d48c98e9890bdf051d"
  integrity sha512-bsI7y4ZgeMkmpG9OM710RRzDFp+w4P1RGiIt30C1mSBT+ExCleeh4HObwgArnDFELmRrOpXgSYN9VF1hj+f1lw==
  dependencies:
    "@types/sizzle" "*"

"@types/sizzle@*":
  version "2.3.3"
  resolved "https://registry.yarnpkg.com/@types/sizzle/-/sizzle-2.3.3.tgz#ff5e2f1902969d305225a047c8a0fd5c915cebef"
  integrity sha512-JYM8x9EGF163bEyhdJBpR2QX1R5naCJHC8ucJylJ3w9/CVBaskdQ8WqBf8MmQrd1kRvp/a4TS8HJ+bxzR7ZJYQ==

types-mediawiki@^1.4.0:
  version "1.4.0"
  resolved "https://registry.yarnpkg.com/types-mediawiki/-/types-mediawiki-1.4.0.tgz#0ffb44cf9d940d7991d5719def17ba301965f91e"
  integrity sha512-lyVkP0BsUbGNL24p2fCbdQ+24qK3jQyrbWDyRT28hL1aZFw249gNYCgUD41i6fMyu5c6JNxcHBwOHJhWxtWhFw==
  dependencies:
    "@types/jquery" "^3.5.5"

typescript@^5.1.6:
  version "5.1.6"
  resolved "https://registry.yarnpkg.com/typescript/-/typescript-5.1.6.tgz#02f8ac202b6dad2c0dd5e0913745b47a37998274"
  integrity sha512-zaWCozRZ6DLEWAWFrVDz1H6FVXzUSfTy5FUMWsQlU8Ym5JP9eO4xkTIROFCQvhQf61z6O/G6ugw3SgAnvvm+HA==
